
Microsoft Visual Studio Solution File, Format Version 12.00
# Visual Studio Version 16
VisualStudioVersion = 16.0.29728.190
MinimumVisualStudioVersion = 10.0.40219.1
Project("{FAE04EC0-301F-11D3-BF4B-00C04F79EFBC}") = "MB Player", "MB Player\MB Player.csproj", "{26A9E097-450F-4EBD-B294-C5ED52AF734A}"
EndProject
Global
	GlobalSection(SolutionConfigurationPlatforms) = preSolution
		Debug|Any CPU = Debug|Any CPU
		Release|Any CPU = Release|Any CPU
	EndGlobalSection
	GlobalSection(ProjectConfigurationPlatforms) = postSolution
		{26A9E097-450F-4EBD-B294-C5ED52AF734A}.Debug|Any CPU.ActiveCfg = Debug|Any CPU
		{26A9E097-450F-4EBD-B294-C5ED52AF734A}.Debug|Any CPU.Build.0 = Debug|Any CPU
		{26A9E097-450F-4EBD-B294-C5ED52AF734A}.Release|Any CPU.ActiveCfg = Release|Any CPU
		{26A9E097-450F-4EBD-B294-C5ED52AF734A}.Release|Any CPU.Build.0 = Release|Any CPU
	EndGlobalSection
	GlobalSection(SolutionProperties) = preSolution
		HideSolutionNode = FALSE
	EndGlobalSection
	GlobalSection(ExtensibilityGlobals) = postSolution
		SolutionGuid = {3ECB8FB5-1A7E-46E1-9FA5-1AE21FC0DEF6}
	EndGlobalSection
EndGlobal
